
Microsoft Visual Studio Solution File, Format Version 12.00
# Visual Studio 14
VisualStudioVersion = 14.0.25420.1
MinimumVisualStudioVersion = 10.0.40219.1
Project("{2150E333-8FDC-42A3-9474-1A3956D46DE8}") = "2 - Domain", "2 - Domain", "{297CD82D-4D5A-452C-8234-348B91FD461D}"
EndProject
Project("{FAE04EC0-301F-11D3-BF4B-00C04F79EFBC}") = "SABOR_E_SAUDE.DOMAIN", "SABOR_E_SAUDE.DOMAIN\SABOR_E_SAUDE.DOMAIN.csproj", "{B516D68F-002A-483F-8056-710E395A1FE2}"
EndProject
Project("{2150E333-8FDC-42A3-9474-1A3956D46DE8}") = "1 - Presentation", "1 - Presentation", "{FDDD0440-4C6C-4815-BD3B-5493C111F7D4}"
EndProject
Project("{FAE04EC0-301F-11D3-BF4B-00C04F79EFBC}") = "SISTEMA", "SISTEMA\SISTEMA.csproj", "{1497E7A3-0E37-473C-8A61-C82EAF47857F}"
EndProject
Project("{2150E333-8FDC-42A3-9474-1A3956D46DE8}") = "4 - Infra", "4 - Infra", "{C1C770F1-4706-4A23-ACFA-1C763230E59D}"
EndProject
Project("{FAE04EC0-301F-11D3-BF4B-00C04F79EFBC}") = "SABOR_E_SAUDE.DATA", "SABOR_E_SAUDE.DATA\SABOR_E_SAUDE.DATA.csproj", "{07F53915-1665-4929-B90E-0A0873A0511B}"
EndProject
Project("{2150E333-8FDC-42A3-9474-1A3956D46DE8}") = "3 - Models", "3 - Models", "{1D2E701E-D9A4-49B5-BC3F-F4B9A8643415}"
EndProject
Project("{FAE04EC0-301F-11D3-BF4B-00C04F79EFBC}") = "SABOR_E_SAUDE.Models", "SABOR_E_SAUDE.Models\SABOR_E_SAUDE.Models.csproj", "{304B71A9-93F1-4F7C-8CEE-CBE22114D3B8}"
EndProject
Project("{2150E333-8FDC-42A3-9474-1A3956D46DE8}") = "5 - Util", "5 - Util", "{99E12720-89E0-4704-B43F-F1F190DB16E7}"
EndProject
Project("{FAE04EC0-301F-11D3-BF4B-00C04F79EFBC}") = "SABOR_E_SAUDE.Util", "SABOR_E_SAUDE.Util\SABOR_E_SAUDE.Util.csproj", "{DF8A40E2-E278-4671-8888-B6DB27CC7B64}"
EndProject
Project("{2150E333-8FDC-42A3-9474-1A3956D46DE8}") = "6 - Tests", "6 - Tests", "{0457F2B6-E29B-4BFE-B3DC-091AB34B21C0}"
EndProject
Project("{FAE04EC0-301F-11D3-BF4B-00C04F79EFBC}") = "SABOR_E_SAUDE.TESTS", "SABOR_E_SAUDE.TESTS\SABOR_E_SAUDE.TESTS.csproj", "{523B9506-F3DE-4D5A-A24F-7F55A296FDD4}"
EndProject
Global
	GlobalSection(SolutionConfigurationPlatforms) = preSolution
		Debug|Any CPU = Debug|Any CPU
		Release|Any CPU = Release|Any CPU
	EndGlobalSection
	GlobalSection(ProjectConfigurationPlatforms) = postSolution
		{B516D68F-002A-483F-8056-710E395A1FE2}.Debug|Any CPU.ActiveCfg = Debug|Any CPU
		{B516D68F-002A-483F-8056-710E395A1FE2}.Debug|Any CPU.Build.0 = Debug|Any CPU
		{B516D68F-002A-483F-8056-710E395A1FE2}.Release|Any CPU.ActiveCfg = Release|Any CPU
		{B516D68F-002A-483F-8056-710E395A1FE2}.Release|Any CPU.Build.0 = Release|Any CPU
		{1497E7A3-0E37-473C-8A61-C82EAF47857F}.Debug|Any CPU.ActiveCfg = Debug|Any CPU
		{1497E7A3-0E37-473C-8A61-C82EAF47857F}.Debug|Any CPU.Build.0 = Debug|Any CPU
		{1497E7A3-0E37-473C-8A61-C82EAF47857F}.Release|Any CPU.ActiveCfg = Release|Any CPU
		{1497E7A3-0E37-473C-8A61-C82EAF47857F}.Release|Any CPU.Build.0 = Release|Any CPU
		{07F53915-1665-4929-B90E-0A0873A0511B}.Debug|Any CPU.ActiveCfg = Debug|Any CPU
		{07F53915-1665-4929-B90E-0A0873A0511B}.Debug|Any CPU.Build.0 = Debug|Any CPU
		{07F53915-1665-4929-B90E-0A0873A0511B}.Release|Any CPU.ActiveCfg = Release|Any CPU
		{07F53915-1665-4929-B90E-0A0873A0511B}.Release|Any CPU.Build.0 = Release|Any CPU
		{304B71A9-93F1-4F7C-8CEE-CBE22114D3B8}.Debug|Any CPU.ActiveCfg = Debug|Any CPU
		{304B71A9-93F1-4F7C-8CEE-CBE22114D3B8}.Debug|Any CPU.Build.0 = Debug|Any CPU
		{304B71A9-93F1-4F7C-8CEE-CBE22114D3B8}.Release|Any CPU.ActiveCfg = Release|Any CPU
		{304B71A9-93F1-4F7C-8CEE-CBE22114D3B8}.Release|Any CPU.Build.0 = Release|Any CPU
		{DF8A40E2-E278-4671-8888-B6DB27CC7B64}.Debug|Any CPU.ActiveCfg = Debug|Any CPU
		{DF8A40E2-E278-4671-8888-B6DB27CC7B64}.Debug|Any CPU.Build.0 = Debug|Any CPU
		{DF8A40E2-E278-4671-8888-B6DB27CC7B64}.Release|Any CPU.ActiveCfg = Release|Any CPU
		{DF8A40E2-E278-4671-8888-B6DB27CC7B64}.Release|Any CPU.Build.0 = Release|Any CPU
		{523B9506-F3DE-4D5A-A24F-7F55A296FDD4}.Debug|Any CPU.ActiveCfg = Debug|Any CPU
		{523B9506-F3DE-4D5A-A24F-7F55A296FDD4}.Debug|Any CPU.Build.0 = Debug|Any CPU
		{523B9506-F3DE-4D5A-A24F-7F55A296FDD4}.Release|Any CPU.ActiveCfg = Release|Any CPU
		{523B9506-F3DE-4D5A-A24F-7F55A296FDD4}.Release|Any CPU.Build.0 = Release|Any CPU
	EndGlobalSection
	GlobalSection(SolutionProperties) = preSolution
		HideSolutionNode = FALSE
	EndGlobalSection
	GlobalSection(NestedProjects) = preSolution
		{B516D68F-002A-483F-8056-710E395A1FE2} = {297CD82D-4D5A-452C-8234-348B91FD461D}
		{1497E7A3-0E37-473C-8A61-C82EAF47857F} = {FDDD0440-4C6C-4815-BD3B-5493C111F7D4}
		{07F53915-1665-4929-B90E-0A0873A0511B} = {C1C770F1-4706-4A23-ACFA-1C763230E59D}
		{304B71A9-93F1-4F7C-8CEE-CBE22114D3B8} = {1D2E701E-D9A4-49B5-BC3F-F4B9A8643415}
		{DF8A40E2-E278-4671-8888-B6DB27CC7B64} = {99E12720-89E0-4704-B43F-F1F190DB16E7}
		{523B9506-F3DE-4D5A-A24F-7F55A296FDD4} = {0457F2B6-E29B-4BFE-B3DC-091AB34B21C0}
	EndGlobalSection
	GlobalSection(ExtensibilityGlobals) = postSolution
		SolutionGuid = {0E2C16EF-FA44-49EE-AAF4-8F85F4EDD360}
	EndGlobalSection
EndGlobal
