
Microsoft Visual Studio Solution File, Format Version 12.00
# Visual Studio 15
VisualStudioVersion = 15.0.26730.16
MinimumVisualStudioVersion = 10.0.40219.1
Project("{2150E333-8FDC-42A3-9474-1A3956D46DE8}") = "1 - Apresentacao", "1 - Apresentacao", "{511A73C9-FF65-4952-9262-5197858AC55F}"
EndProject
Project("{2150E333-8FDC-42A3-9474-1A3956D46DE8}") = "2 - Dominio", "2 - Dominio", "{7B1EE230-A483-43C2-AD1B-B47E8761B8C6}"
EndProject
Project("{2150E333-8FDC-42A3-9474-1A3956D46DE8}") = "3 - Models", "3 - Models", "{00EC9152-9BDF-4294-961D-FCEDEBD94150}"
EndProject
Project("{2150E333-8FDC-42A3-9474-1A3956D46DE8}") = "4 - Infra", "4 - Infra", "{7B1EFD10-8EF7-4714-81D8-D54E044D52DF}"
EndProject
Project("{2150E333-8FDC-42A3-9474-1A3956D46DE8}") = "5 - Util", "5 - Util", "{FC4CE8A8-2916-4317-914A-7166FD6F2465}"
EndProject
Project("{FAE04EC0-301F-11D3-BF4B-00C04F79EFBC}") = "SABOR_E_SAUDE.UI.Site", "SABOR_E_SAUDE.UI.Site\SABOR_E_SAUDE.UI.Site.csproj", "{60D304B1-B20E-4175-AACC-4E2EA7F87493}"
EndProject
Project("{FAE04EC0-301F-11D3-BF4B-00C04F79EFBC}") = "SABOR_E_SAUDE.Dominio", "SABOR_E_SAUDE.Dominio\SABOR_E_SAUDE.Dominio.csproj", "{C019FCAE-55C3-47A1-AE75-CA576C1729EC}"
EndProject
Project("{FAE04EC0-301F-11D3-BF4B-00C04F79EFBC}") = "SABOR_E_SAUDE.Models", "SABOR_E_SAUDE.Models\SABOR_E_SAUDE.Models.csproj", "{D7D26D5F-ADB3-492F-81D0-30F12E53D76E}"
EndProject
Project("{FAE04EC0-301F-11D3-BF4B-00C04F79EFBC}") = "SABOR_E_SAUDE.Data", "SABOR_E_SAUDE.Data\SABOR_E_SAUDE.Data.csproj", "{AF8BD7C4-411E-44C2-BD4E-CF0F28661A39}"
EndProject
Project("{FAE04EC0-301F-11D3-BF4B-00C04F79EFBC}") = "SABOR_E_SAUDE.Util", "SABOR_E_SAUDE.Util\SABOR_E_SAUDE.Util.csproj", "{89208E39-F53F-4187-ACD2-EFEA87ABF1F8}"
EndProject
Project("{2150E333-8FDC-42A3-9474-1A3956D46DE8}") = "6 - Teste", "6 - Teste", "{1D99F8D9-3835-4A4B-B78D-89F48BA91ABC}"
EndProject
Project("{FAE04EC0-301F-11D3-BF4B-00C04F79EFBC}") = "SABOR_E_SAUDE.Test", "SABOR_E_SAUDE.Test\SABOR_E_SAUDE.Test.csproj", "{6007FC04-D03D-496F-B8BF-339D5AD25996}"
EndProject
Global
	GlobalSection(SolutionConfigurationPlatforms) = preSolution
		Debug|Any CPU = Debug|Any CPU
		Release|Any CPU = Release|Any CPU
	EndGlobalSection
	GlobalSection(ProjectConfigurationPlatforms) = postSolution
		{60D304B1-B20E-4175-AACC-4E2EA7F87493}.Debug|Any CPU.ActiveCfg = Debug|Any CPU
		{60D304B1-B20E-4175-AACC-4E2EA7F87493}.Debug|Any CPU.Build.0 = Debug|Any CPU
		{60D304B1-B20E-4175-AACC-4E2EA7F87493}.Release|Any CPU.ActiveCfg = Release|Any CPU
		{60D304B1-B20E-4175-AACC-4E2EA7F87493}.Release|Any CPU.Build.0 = Release|Any CPU
		{C019FCAE-55C3-47A1-AE75-CA576C1729EC}.Debug|Any CPU.ActiveCfg = Debug|Any CPU
		{C019FCAE-55C3-47A1-AE75-CA576C1729EC}.Debug|Any CPU.Build.0 = Debug|Any CPU
		{C019FCAE-55C3-47A1-AE75-CA576C1729EC}.Release|Any CPU.ActiveCfg = Release|Any CPU
		{C019FCAE-55C3-47A1-AE75-CA576C1729EC}.Release|Any CPU.Build.0 = Release|Any CPU
		{D7D26D5F-ADB3-492F-81D0-30F12E53D76E}.Debug|Any CPU.ActiveCfg = Debug|Any CPU
		{D7D26D5F-ADB3-492F-81D0-30F12E53D76E}.Debug|Any CPU.Build.0 = Debug|Any CPU
		{D7D26D5F-ADB3-492F-81D0-30F12E53D76E}.Release|Any CPU.ActiveCfg = Release|Any CPU
		{D7D26D5F-ADB3-492F-81D0-30F12E53D76E}.Release|Any CPU.Build.0 = Release|Any CPU
		{AF8BD7C4-411E-44C2-BD4E-CF0F28661A39}.Debug|Any CPU.ActiveCfg = Debug|Any CPU
		{AF8BD7C4-411E-44C2-BD4E-CF0F28661A39}.Debug|Any CPU.Build.0 = Debug|Any CPU
		{AF8BD7C4-411E-44C2-BD4E-CF0F28661A39}.Release|Any CPU.ActiveCfg = Release|Any CPU
		{AF8BD7C4-411E-44C2-BD4E-CF0F28661A39}.Release|Any CPU.Build.0 = Release|Any CPU
		{89208E39-F53F-4187-ACD2-EFEA87ABF1F8}.Debug|Any CPU.ActiveCfg = Debug|Any CPU
		{89208E39-F53F-4187-ACD2-EFEA87ABF1F8}.Debug|Any CPU.Build.0 = Debug|Any CPU
		{89208E39-F53F-4187-ACD2-EFEA87ABF1F8}.Release|Any CPU.ActiveCfg = Release|Any CPU
		{89208E39-F53F-4187-ACD2-EFEA87ABF1F8}.Release|Any CPU.Build.0 = Release|Any CPU
		{6007FC04-D03D-496F-B8BF-339D5AD25996}.Debug|Any CPU.ActiveCfg = Debug|Any CPU
		{6007FC04-D03D-496F-B8BF-339D5AD25996}.Debug|Any CPU.Build.0 = Debug|Any CPU
		{6007FC04-D03D-496F-B8BF-339D5AD25996}.Release|Any CPU.ActiveCfg = Release|Any CPU
		{6007FC04-D03D-496F-B8BF-339D5AD25996}.Release|Any CPU.Build.0 = Release|Any CPU
	EndGlobalSection
	GlobalSection(SolutionProperties) = preSolution
		HideSolutionNode = FALSE
	EndGlobalSection
	GlobalSection(NestedProjects) = preSolution
		{60D304B1-B20E-4175-AACC-4E2EA7F87493} = {511A73C9-FF65-4952-9262-5197858AC55F}
		{C019FCAE-55C3-47A1-AE75-CA576C1729EC} = {7B1EE230-A483-43C2-AD1B-B47E8761B8C6}
		{D7D26D5F-ADB3-492F-81D0-30F12E53D76E} = {00EC9152-9BDF-4294-961D-FCEDEBD94150}
		{AF8BD7C4-411E-44C2-BD4E-CF0F28661A39} = {7B1EFD10-8EF7-4714-81D8-D54E044D52DF}
		{89208E39-F53F-4187-ACD2-EFEA87ABF1F8} = {FC4CE8A8-2916-4317-914A-7166FD6F2465}
		{6007FC04-D03D-496F-B8BF-339D5AD25996} = {1D99F8D9-3835-4A4B-B78D-89F48BA91ABC}
	EndGlobalSection
	GlobalSection(ExtensibilityGlobals) = postSolution
		SolutionGuid = {55F688A9-E6F7-41E4-885B-6C6DCF0416E3}
	EndGlobalSection
EndGlobal
